// !$*UTF8*$!
{
	archiveVersion = 1;
	classes = {
	};
	objectVersion = 46;
	objects = {

/* Begin PBXBuildFile section */
		AF0DE21619B989B2001950E5 /* Foundation.framework in Frameworks */ = {isa = PBXBuildFile; fileRef = AF0DE21519B989B2001950E5 /* Foundation.framework */; };
		AF0DE21819B989B2001950E5 /* CoreGraphics.framework in Frameworks */ = {isa = PBXBuildFile; fileRef = AF0DE21719B989B2001950E5 /* CoreGraphics.framework */; };
		AF0DE21A19B989B2001950E5 /* UIKit.framework in Frameworks */ = {isa = PBXBuildFile; fileRef = AF0DE21919B989B2001950E5 /* UIKit.framework */; };
		AF0DE22019B989B2001950E5 /* InfoPlist.strings in Resources */ = {isa = PBXBuildFile; fileRef = AF0DE21E19B989B2001950E5 /* InfoPlist.strings */; };
		AF0DE22219B989B2001950E5 /* main.m in Sources */ = {isa = PBXBuildFile; fileRef = AF0DE22119B989B2001950E5 /* main.m */; };
		AF0DE22619B989B2001950E5 /* MSAppDelegate.m in Sources */ = {isa = PBXBuildFile; fileRef = AF0DE22519B989B2001950E5 /* MSAppDelegate.m */; };
		AF0DE22919B989B2001950E5 /* Main.storyboard in Resources */ = {isa = PBXBuildFile; fileRef = AF0DE22719B989B2001950E5 /* Main.storyboard */; };
		AF0DE22C19B989B2001950E5 /* MSViewController.m in Sources */ = {isa = PBXBuildFile; fileRef = AF0DE22B19B989B2001950E5 /* MSViewController.m */; };
		AF0DE22E19B989B2001950E5 /* Images.xcassets in Resources */ = {isa = PBXBuildFile; fileRef = AF0DE22D19B989B2001950E5 /* Images.xcassets */; };
		AF0DE23519B989B2001950E5 /* XCTest.framework in Frameworks */ = {isa = PBXBuildFile; fileRef = AF0DE23419B989B2001950E5 /* XCTest.framework */; };
		AF0DE23619B989B2001950E5 /* Foundation.framework in Frameworks */ = {isa = PBXBuildFile; fileRef = AF0DE21519B989B2001950E5 /* Foundation.framework */; };
		AF0DE23719B989B2001950E5 /* UIKit.framework in Frameworks */ = {isa = PBXBuildFile; fileRef = AF0DE21919B989B2001950E5 /* UIKit.framework */; };
		AF0DE23F19B989B2001950E5 /* InfoPlist.strings in Resources */ = {isa = PBXBuildFile; fileRef = AF0DE23D19B989B2001950E5 /* InfoPlist.strings */; };
		AF0DE24119B989B2001950E5 /* BullsEyeTests.m in Sources */ = {isa = PBXBuildFile; fileRef = AF0DE24019B989B2001950E5 /* BullsEyeTests.m */; };
		AFE4EFB619BAFF37000F563B /* AboutViewController.m in Sources */ = {isa = PBXBuildFile; fileRef = AFE4EFB519BAFF37000F563B /* AboutViewController.m */; };
/* End PBXBuildFile section */

/* Begin PBXContainerItemProxy section */
		AF0DE23819B989B2001950E5 /* PBXContainerItemProxy */ = {
			isa = PBXContainerItemProxy;
			containerPortal = AF0DE20A19B989B2001950E5 /* Project object */;
			proxyType = 1;
			remoteGlobalIDString = AF0DE21119B989B2001950E5;
			remoteInfo = BullsEye;
		};
/* End PBXContainerItemProxy section */

/* Begin PBXFileReference section */
		AF0DE21219B989B2001950E5 /* BullsEye.app */ = {isa = PBXFileReference; explicitFileType = wrapper.application; includeInIndex = 0; path = BullsEye.app; sourceTree = BUILT_PRODUCTS_DIR; };
		AF0DE21519B989B2001950E5 /* Foundation.framework */ = {isa = PBXFileReference; lastKnownFileType = wrapper.framework; name = Foundation.framework; path = System/Library/Frameworks/Foundation.framework; sourceTree = SDKROOT; };
		AF0DE21719B989B2001950E5 /* CoreGraphics.framework */ = {isa = PBXFileReference; lastKnownFileType = wrapper.framework; name = CoreGraphics.framework; path = System/Library/Frameworks/CoreGraphics.framework; sourceTree = SDKROOT; };
		AF0DE21919B989B2001950E5 /* UIKit.framework */ = {isa = PBXFileReference; lastKnownFileType = wrapper.framework; name = UIKit.framework; path = System/Library/Frameworks/UIKit.framework; sourceTree = SDKROOT; };
		AF0DE21D19B989B2001950E5 /* BullsEye-Info.plist */ = {isa = PBXFileReference; lastKnownFileType = text.plist.xml; path = "BullsEye-Info.plist"; sourceTree = "<group>"; };
		AF0DE21F19B989B2001950E5 /* en */ = {isa = PBXFileReference; lastKnownFileType = text.plist.strings; name = en; path = en.lproj/InfoPlist.strings; sourceTree = "<group>"; };
		AF0DE22119B989B2001950E5 /* main.m */ = {isa = PBXFileReference; lastKnownFileType = sourcecode.c.objc; path = main.m; sourceTree = "<group>"; };
		AF0DE22319B989B2001950E5 /* BullsEye-Prefix.pch */ = {isa = PBXFileReference; lastKnownFileType = sourcecode.c.h; path = "BullsEye-Prefix.pch"; sourceTree = "<group>"; };
		AF0DE22419B989B2001950E5 /* MSAppDelegate.h */ = {isa = PBXFileReference; lastKnownFileType = sourcecode.c.h; path = MSAppDelegate.h; sourceTree = "<group>"; };
		AF0DE22519B989B2001950E5 /* MSAppDelegate.m */ = {isa = PBXFileReference; lastKnownFileType = sourcecode.c.objc; path = MSAppDelegate.m; sourceTree = "<group>"; };
		AF0DE22819B989B2001950E5 /* Base */ = {isa = PBXFileReference; lastKnownFileType = file.storyboard; name = Base; path = Base.lproj/Main.storyboard; sourceTree = "<group>"; };
		AF0DE22A19B989B2001950E5 /* MSViewController.h */ = {isa = PBXFileReference; lastKnownFileType = sourcecode.c.h; path = MSViewController.h; sourceTree = "<group>"; };
		AF0DE22B19B989B2001950E5 /* MSViewController.m */ = {isa = PBXFileReference; lastKnownFileType = sourcecode.c.objc; path = MSViewController.m; sourceTree = "<group>"; };
		AF0DE22D19B989B2001950E5 /* Images.xcassets */ = {isa = PBXFileReference; lastKnownFileType = folder.assetcatalog; path = Images.xcassets; sourceTree = "<group>"; };
		AF0DE23319B989B2001950E5 /* BullsEyeTests.xctest */ = {isa = PBXFileReference; explicitFileType = wrapper.cfbundle; includeInIndex = 0; path = BullsEyeTests.xctest; sourceTree = BUILT_PRODUCTS_DIR; };
		AF0DE23419B989B2001950E5 /* XCTest.framework */ = {isa = PBXFileReference; lastKnownFileType = wrapper.framework; name = XCTest.framework; path = Library/Frameworks/XCTest.framework; sourceTree = DEVELOPER_DIR; };
		AF0DE23C19B989B2001950E5 /* BullsEyeTests-Info.plist */ = {isa = PBXFileReference; lastKnownFileType = text.plist.xml; path = "BullsEyeTests-Info.plist"; sourceTree = "<group>"; };
		AF0DE23E19B989B2001950E5 /* en */ = {isa = PBXFileReference; lastKnownFileType = text.plist.strings; name = en; path = en.lproj/InfoPlist.strings; sourceTree = "<group>"; };
		AF0DE24019B989B2001950E5 /* BullsEyeTests.m */ = {isa = PBXFileReference; lastKnownFileType = sourcecode.c.objc; path = BullsEyeTests.m; sourceTree = "<group>"; };
		AFE4EFB419BAFF37000F563B /* AboutViewController.h */ = {isa = PBXFileReference; fileEncoding = 4; lastKnownFileType = sourcecode.c.h; path = AboutViewController.h; sourceTree = "<group>"; };
		AFE4EFB519BAFF37000F563B /* AboutViewController.m */ = {isa = PBXFileReference; fileEncoding = 4; lastKnownFileType = sourcecode.c.objc; path = AboutViewController.m; sourceTree = "<group>"; };
/* End PBXFileReference section */

/* Begin PBXFrameworksBuildPhase section */
		AF0DE20F19B989B2001950E5 /* Frameworks */ = {
			isa = PBXFrameworksBuildPhase;
			buildActionMask = 2147483647;
			files = (
				AF0DE21819B989B2001950E5 /* CoreGraphics.framework in Frameworks */,
				AF0DE21A19B989B2001950E5 /* UIKit.framework in Frameworks */,
				AF0DE21619B989B2001950E5 /* Foundation.framework in Frameworks */,
			);
			runOnlyForDeploymentPostprocessing = 0;
		};
		AF0DE23019B989B2001950E5 /* Frameworks */ = {
			isa = PBXFrameworksBuildPhase;
			buildActionMask = 2147483647;
			files = (
				AF0DE23519B989B2001950E5 /* XCTest.framework in Frameworks */,
				AF0DE23719B989B2001950E5 /* UIKit.framework in Frameworks */,
				AF0DE23619B989B2001950E5 /* Foundation.framework in Frameworks */,
			);
			runOnlyForDeploymentPostprocessing = 0;
		};
/* End PBXFrameworksBuildPhase section */

/* Begin PBXGroup section */
		AF0DE20919B989B2001950E5 = {
			isa = PBXGroup;
			children = (
				AF0DE21B19B989B2001950E5 /* BullsEye */,
				AF0DE23A19B989B2001950E5 /* BullsEyeTests */,
				AF0DE21419B989B2001950E5 /* Frameworks */,
				AF0DE21319B989B2001950E5 /* Products */,
			);
			sourceTree = "<group>";
		};
		AF0DE21319B989B2001950E5 /* Products */ = {
			isa = PBXGroup;
			children = (
				AF0DE21219B989B2001950E5 /* BullsEye.app */,
				AF0DE23319B989B2001950E5 /* BullsEyeTests.xctest */,
			);
			name = Products;
			sourceTree = "<group>";
		};
		AF0DE21419B989B2001950E5 /* Frameworks */ = {
			isa = PBXGroup;
			children = (
				AF0DE21519B989B2001950E5 /* Foundation.framework */,
				AF0DE21719B989B2001950E5 /* CoreGraphics.framework */,
				AF0DE21919B989B2001950E5 /* UIKit.framework */,
				AF0DE23419B989B2001950E5 /* XCTest.framework */,
			);
			name = Frameworks;
			sourceTree = "<group>";
		};
		AF0DE21B19B989B2001950E5 /* BullsEye */ = {
			isa = PBXGroup;
			children = (
				AF0DE22419B989B2001950E5 /* MSAppDelegate.h */,
				AF0DE22519B989B2001950E5 /* MSAppDelegate.m */,
				AF0DE22719B989B2001950E5 /* Main.storyboard */,
				AF0DE22A19B989B2001950E5 /* MSViewController.h */,
				AF0DE22B19B989B2001950E5 /* MSViewController.m */,
				AFE4EFB419BAFF37000F563B /* AboutViewController.h */,
				AFE4EFB519BAFF37000F563B /* AboutViewController.m */,
				AF0DE22D19B989B2001950E5 /* Images.xcassets */,
				AF0DE21C19B989B2001950E5 /* Supporting Files */,
			);
			path = BullsEye;
			sourceTree = "<group>";
		};
		AF0DE21C19B989B2001950E5 /* Supporting Files */ = {
			isa = PBXGroup;
			children = (
				AF0DE21D19B989B2001950E5 /* BullsEye-Info.plist */,
				AF0DE21E19B989B2001950E5 /* InfoPlist.strings */,
				AF0DE22119B989B2001950E5 /* main.m */,
				AF0DE22319B989B2001950E5 /* BullsEye-Prefix.pch */,
			);
			name = "Supporting Files";
			sourceTree = "<group>";
		};
		AF0DE23A19B989B2001950E5 /* BullsEyeTests */ = {
			isa = PBXGroup;
			children = (
				AF0DE24019B989B2001950E5 /* BullsEyeTests.m */,
				AF0DE23B19B989B2001950E5 /* Supporting Files */,
			);
			path = BullsEyeTests;
			sourceTree = "<group>";
		};
		AF0DE23B19B989B2001950E5 /* Supporting Files */ = {
			isa = PBXGroup;
			children = (
				AF0DE23C19B989B2001950E5 /* BullsEyeTests-Info.plist */,
				AF0DE23D19B989B2001950E5 /* InfoPlist.strings */,
			);
			name = "Supporting Files";
			sourceTree = "<group>";
		};
/* End PBXGroup section */

/* Begin PBXNativeTarget section */
		AF0DE21119B989B2001950E5 /* BullsEye */ = {
			isa = PBXNativeTarget;
			buildConfigurationList = AF0DE24419B989B2001950E5 /* Build configuration list for PBXNativeTarget "BullsEye" */;
			buildPhases = (
				AF0DE20E19B989B2001950E5 /* Sources */,
				AF0DE20F19B989B2001950E5 /* Frameworks */,
				AF0DE21019B989B2001950E5 /* Resources */,
			);
			buildRules = (
			);
			dependencies = (
			);
			name = BullsEye;
			productName = BullsEye;
			productReference = AF0DE21219B989B2001950E5 /* BullsEye.app */;
			productType = "com.apple.product-type.application";
		};
		AF0DE23219B989B2001950E5 /* BullsEyeTests */ = {
			isa = PBXNativeTarget;
			buildConfigurationList = AF0DE24719B989B2001950E5 /* Build configuration list for PBXNativeTarget "BullsEyeTests" */;
			buildPhases = (
				AF0DE22F19B989B2001950E5 /* Sources */,
				AF0DE23019B989B2001950E5 /* Frameworks */,
				AF0DE23119B989B2001950E5 /* Resources */,
			);
			buildRules = (
			);
			dependencies = (
				AF0DE23919B989B2001950E5 /* PBXTargetDependency */,
			);
			name = BullsEyeTests;
			productName = BullsEyeTests;
			productReference = AF0DE23319B989B2001950E5 /* BullsEyeTests.xctest */;
			productType = "com.apple.product-type.bundle.unit-test";
		};
/* End PBXNativeTarget section */

/* Begin PBXProject section */
		AF0DE20A19B989B2001950E5 /* Project object */ = {
			isa = PBXProject;
			attributes = {
				CLASSPREFIX = MS;
				LastUpgradeCheck = 0510;
				ORGANIZATIONNAME = "Megan Shao";
				TargetAttributes = {
					AF0DE23219B989B2001950E5 = {
						TestTargetID = AF0DE21119B989B2001950E5;
					};
				};
			};
			buildConfigurationList = AF0DE20D19B989B2001950E5 /* Build configuration list for PBXProject "BullsEye" */;
			compatibilityVersion = "Xcode 3.2";
			developmentRegion = English;
			hasScannedForEncodings = 0;
			knownRegions = (
				en,
				Base,
			);
			mainGroup = AF0DE20919B989B2001950E5;
			productRefGroup = AF0DE21319B989B2001950E5 /* Products */;
			projectDirPath = "";
			projectRoot = "";
			targets = (
				AF0DE21119B989B2001950E5 /* BullsEye */,
				AF0DE23219B989B2001950E5 /* BullsEyeTests */,
			);
		};
/* End PBXProject section */

/* Begin PBXResourcesBuildPhase section */
		AF0DE21019B989B2001950E5 /* Resources */ = {
			isa = PBXResourcesBuildPhase;
			buildActionMask = 2147483647;
			files = (
				AF0DE22E19B989B2001950E5 /* Images.xcassets in Resources */,
				AF0DE22019B989B2001950E5 /* InfoPlist.strings in Resources */,
				AF0DE22919B989B2001950E5 /* Main.storyboard in Resources */,
			);
			runOnlyForDeploymentPostprocessing = 0;
		};
		AF0DE23119B989B2001950E5 /* Resources */ = {
			isa = PBXResourcesBuildPhase;
			buildActionMask = 2147483647;
			files = (
				AF0DE23F19B989B2001950E5 /* InfoPlist.strings in Resources */,
			);
			runOnlyForDeploymentPostprocessing = 0;
		};
/* End PBXResourcesBuildPhase section */

/* Begin PBXSourcesBuildPhase section */
		AF0DE20E19B989B2001950E5 /* Sources */ = {
			isa = PBXSourcesBuildPhase;
			buildActionMask = 2147483647;
			files = (
				AF0DE22619B989B2001950E5 /* MSAppDelegate.m in Sources */,
				AF0DE22C19B989B2001950E5 /* MSViewController.m in Sources */,
				AFE4EFB619BAFF37000F563B /* AboutViewController.m in Sources */,
				AF0DE22219B989B2001950E5 /* main.m in Sources */,
			);
			runOnlyForDeploymentPostprocessing = 0;
		};
		AF0DE22F19B989B2001950E5 /* Sources */ = {
			isa = PBXSourcesBuildPhase;
			buildActionMask = 2147483647;
			files = (
				AF0DE24119B989B2001950E5 /* BullsEyeTests.m in Sources */,
			);
			runOnlyForDeploymentPostprocessing = 0;
		};
/* End PBXSourcesBuildPhase section */

/* Begin PBXTargetDependency section */
		AF0DE23919B989B2001950E5 /* PBXTargetDependency */ = {
			isa = PBXTargetDependency;
			target = AF0DE21119B989B2001950E5 /* BullsEye */;
			targetProxy = AF0DE23819B989B2001950E5 /* PBXContainerItemProxy */;
		};
/* End PBXTargetDependency section */

/* Begin PBXVariantGroup section */
		AF0DE21E19B989B2001950E5 /* InfoPlist.strings */ = {
			isa = PBXVariantGroup;
			children = (
				AF0DE21F19B989B2001950E5 /* en */,
			);
			name = InfoPlist.strings;
			sourceTree = "<group>";
		};
		AF0DE22719B989B2001950E5 /* Main.storyboard */ = {
			isa = PBXVariantGroup;
			children = (
				AF0DE22819B989B2001950E5 /* Base */,
			);
			name = Main.storyboard;
			sourceTree = "<group>";
		};
		AF0DE23D19B989B2001950E5 /* InfoPlist.strings */ = {
			isa = PBXVariantGroup;
			children = (
				AF0DE23E19B989B2001950E5 /* en */,
			);
			name = InfoPlist.strings;
			sourceTree = "<group>";
		};
/* End PBXVariantGroup section */

/* Begin XCBuildConfiguration section */
		AF0DE24219B989B2001950E5 /* Debug */ = {
			isa = XCBuildConfiguration;
			buildSettings = {
				ALWAYS_SEARCH_USER_PATHS = NO;
				CLANG_CXX_LANGUAGE_STANDARD = "gnu++0x";
				CLANG_CXX_LIBRARY = "libc++";
				CLANG_ENABLE_MODULES = YES;
				CLANG_ENABLE_OBJC_ARC = YES;
				CLANG_WARN_BOOL_CONVERSION = YES;
				CLANG_WARN_CONSTANT_CONVERSION = YES;
				CLANG_WARN_DIRECT_OBJC_ISA_USAGE = YES_ERROR;
				CLANG_WARN_EMPTY_BODY = YES;
				CLANG_WARN_ENUM_CONVERSION = YES;
				CLANG_WARN_INT_CONVERSION = YES;
				CLANG_WARN_OBJC_ROOT_CLASS = YES_ERROR;
				CLANG_WARN__DUPLICATE_METHOD_MATCH = YES;
				"CODE_SIGN_IDENTITY[sdk=iphoneos*]" = "iPhone Developer";
				COPY_PHASE_STRIP = NO;
				GCC_C_LANGUAGE_STANDARD = gnu99;
				GCC_DYNAMIC_NO_PIC = NO;
				GCC_OPTIMIZATION_LEVEL = 0;
				GCC_PREPROCESSOR_DEFINITIONS = (
					"DEBUG=1",
					"$(inherited)",
				);
				GCC_SYMBOLS_PRIVATE_EXTERN = NO;
				GCC_WARN_64_TO_32_BIT_CONVERSION = YES;
				GCC_WARN_ABOUT_RETURN_TYPE = YES_ERROR;
				GCC_WARN_UNDECLARED_SELECTOR = YES;
				GCC_WARN_UNINITIALIZED_AUTOS = YES_AGGRESSIVE;
				GCC_WARN_UNUSED_FUNCTION = YES;
				GCC_WARN_UNUSED_VARIABLE = YES;
				IPHONEOS_DEPLOYMENT_TARGET = 7.1;
				ONLY_ACTIVE_ARCH = YES;
				SDKROOT = iphoneos;
			};
			name = Debug;
		};
		AF0DE24319B989B2001950E5 /* Release */ = {
			isa = XCBuildConfiguration;
			buildSettings = {
				ALWAYS_SEARCH_USER_PATHS = NO;
				CLANG_CXX_LANGUAGE_STANDARD = "gnu++0x";
				CLANG_CXX_LIBRARY = "libc++";
				CLANG_ENABLE_MODULES = YES;
				CLANG_ENABLE_OBJC_ARC = YES;
				CLANG_WARN_BOOL_CONVERSION = YES;
				CLANG_WARN_CONSTANT_CONVERSION = YES;
				CLANG_WARN_DIRECT_OBJC_ISA_USAGE = YES_ERROR;
				CLANG_WARN_EMPTY_BODY = YES;
				CLANG_WARN_ENUM_CONVERSION = YES;
				CLANG_WARN_INT_CONVERSION = YES;
				CLANG_WARN_OBJC_ROOT_CLASS = YES_ERROR;
				CLANG_WARN__DUPLICATE_METHOD_MATCH = YES;
				"CODE_SIGN_IDENTITY[sdk=iphoneos*]" = "iPhone Developer";
				COPY_PHASE_STRIP = YES;
				ENABLE_NS_ASSERTIONS = NO;
				GCC_C_LANGUAGE_STANDARD = gnu99;
				GCC_WARN_64_TO_32_BIT_CONVERSION = YES;
				GCC_WARN_ABOUT_RETURN_TYPE = YES_ERROR;
				GCC_WARN_UNDECLARED_SELECTOR = YES;
				GCC_WARN_UNINITIALIZED_AUTOS = YES_AGGRESSIVE;
				GCC_WARN_UNUSED_FUNCTION = YES;
				GCC_WARN_UNUSED_VARIABLE = YES;
				IPHONEOS_DEPLOYMENT_TARGET = 7.1;
				SDKROOT = iphoneos;
				VALIDATE_PRODUCT = YES;
			};
			name = Release;
		};
		AF0DE24519B989B2001950E5 /* Debug */ = {
			isa = XCBuildConfiguration;
			buildSettings = {
				ASSETCATALOG_COMPILER_APPICON_NAME = AppIcon;
				ASSETCATALOG_COMPILER_LAUNCHIMAGE_NAME = LaunchImage;
				GCC_PRECOMPILE_PREFIX_HEADER = YES;
				GCC_PREFIX_HEADER = "BullsEye/BullsEye-Prefix.pch";
				INFOPLIST_FILE = "BullsEye/BullsEye-Info.plist";
				PRODUCT_NAME = "$(TARGET_NAME)";
				WRAPPER_EXTENSION = app;
			};
			name = Debug;
		};
		AF0DE24619B989B2001950E5 /* Release */ = {
			isa = XCBuildConfiguration;
			buildSettings = {
				ASSETCATALOG_COMPILER_APPICON_NAME = AppIcon;
				ASSETCATALOG_COMPILER_LAUNCHIMAGE_NAME = LaunchImage;
				GCC_PRECOMPILE_PREFIX_HEADER = YES;
				GCC_PREFIX_HEADER = "BullsEye/BullsEye-Prefix.pch";
				INFOPLIST_FILE = "BullsEye/BullsEye-Info.plist";
				PRODUCT_NAME = "$(TARGET_NAME)";
				WRAPPER_EXTENSION = app;
			};
			name = Release;
		};
		AF0DE24819B989B2001950E5 /* Debug */ = {
			isa = XCBuildConfiguration;
			buildSettings = {
				BUNDLE_LOADER = "$(BUILT_PRODUCTS_DIR)/BullsEye.app/BullsEye";
				FRAMEWORK_SEARCH_PATHS = (
					"$(SDKROOT)/Developer/Library/Frameworks",
					"$(inherited)",
					"$(DEVELOPER_FRAMEWORKS_DIR)",
				);
				GCC_PRECOMPILE_PREFIX_HEADER = YES;
				GCC_PREFIX_HEADER = "BullsEye/BullsEye-Prefix.pch";
				GCC_PREPROCESSOR_DEFINITIONS = (
					"DEBUG=1",
					"$(inherited)",
				);
				INFOPLIST_FILE = "BullsEyeTests/BullsEyeTests-Info.plist";
				PRODUCT_NAME = "$(TARGET_NAME)";
				TEST_HOST = "$(BUNDLE_LOADER)";
				WRAPPER_EXTENSION = xctest;
			};
			name = Debug;
		};
		AF0DE24919B989B2001950E5 /* Release */ = {
			isa = XCBuildConfiguration;
			buildSettings = {
				BUNDLE_LOADER = "$(BUILT_PRODUCTS_DIR)/BullsEye.app/BullsEye";
				FRAMEWORK_SEARCH_PATHS = (
					"$(SDKROOT)/Developer/Library/Frameworks",
					"$(inherited)",
					"$(DEVELOPER_FRAMEWORKS_DIR)",
				);
				GCC_PRECOMPILE_PREFIX_HEADER = YES;
				GCC_PREFIX_HEADER = "BullsEye/BullsEye-Prefix.pch";
				INFOPLIST_FILE = "BullsEyeTests/BullsEyeTests-Info.plist";
				PRODUCT_NAME = "$(TARGET_NAME)";
				TEST_HOST = "$(BUNDLE_LOADER)";
				WRAPPER_EXTENSION = xctest;
			};
			name = Release;
		};
/* End XCBuildConfiguration section */

/* Begin XCConfigurationList section */
		AF0DE20D19B989B2001950E5 /* Build configuration list for PBXProject "BullsEye" */ = {
			isa = XCConfigurationList;
			buildConfigurations = (
				AF0DE24219B989B2001950E5 /* Debug */,
				AF0DE24319B989B2001950E5 /* Release */,
			);
			defaultConfigurationIsVisible = 0;
			defaultConfigurationName = Release;
		};
		AF0DE24419B989B2001950E5 /* Build configuration list for PBXNativeTarget "BullsEye" */ = {
			isa = XCConfigurationList;
			buildConfigurations = (
				AF0DE24519B989B2001950E5 /* Debug */,
				AF0DE24619B989B2001950E5 /* Release */,
			);
			defaultConfigurationIsVisible = 0;
			defaultConfigurationName = Release;
		};
		AF0DE24719B989B2001950E5 /* Build configuration list for PBXNativeTarget "BullsEyeTests" */ = {
			isa = XCConfigurationList;
			buildConfigurations = (
				AF0DE24819B989B2001950E5 /* Debug */,
				AF0DE24919B989B2001950E5 /* Release */,
			);
			defaultConfigurationIsVisible = 0;
			defaultConfigurationName = Release;
		};
/* End XCConfigurationList section */
	};
	rootObject = AF0DE20A19B989B2001950E5 /* Project object */;
}
